// !$*UTF8*$!
{
	archiveVersion = 1;
	classes = {
	};
	objectVersion = 50;
	objects = {

/* Begin PBXBuildFile section */
		76FF63FF273BE229003D9ED1 /* AppDelegate.swift in Sources */ = {isa = PBXBuildFile; fileRef = 76FF63FE273BE229003D9ED1 /* AppDelegate.swift */; };
		76FF6401273BE22A003D9ED1 /* SceneDelegate.swift in Sources */ = {isa = PBXBuildFile; fileRef = 76FF6400273BE22A003D9ED1 /* SceneDelegate.swift */; };
		76FF6403273BE22A003D9ED1 /* ViewController.swift in Sources */ = {isa = PBXBuildFile; fileRef = 76FF6402273BE22A003D9ED1 /* ViewController.swift */; };
		76FF6406273BE22A003D9ED1 /* Main.storyboard in Resources */ = {isa = PBXBuildFile; fileRef = 76FF6404273BE22A003D9ED1 /* Main.storyboard */; };
		76FF6408273BE22B003D9ED1 /* Assets.xcassets in Resources */ = {isa = PBXBuildFile; fileRef = 76FF6407273BE22B003D9ED1 /* Assets.xcassets */; };
		76FF640B273BE22B003D9ED1 /* LaunchScreen.storyboard in Resources */ = {isa = PBXBuildFile; fileRef = 76FF6409273BE22B003D9ED1 /* LaunchScreen.storyboard */; };
		76FF6413273BE45C003D9ED1 /* ViewController2.swift in Sources */ = {isa = PBXBuildFile; fileRef = 76FF6412273BE45C003D9ED1 /* ViewController2.swift */; };
		76FF6415273BE466003D9ED1 /* ViewController3.swift in Sources */ = {isa = PBXBuildFile; fileRef = 76FF6414273BE466003D9ED1 /* ViewController3.swift */; };
		76FF6419273BF54F003D9ED1 /* ViewControllerInsertData.swift in Sources */ = {isa = PBXBuildFile; fileRef = 76FF6418273BF54F003D9ED1 /* ViewControllerInsertData.swift */; };
		76FF641B273BF7A4003D9ED1 /* ViewControllerCalculos.swift in Sources */ = {isa = PBXBuildFile; fileRef = 76FF641A273BF7A4003D9ED1 /* ViewControllerCalculos.swift */; };
/* End PBXBuildFile section */

/* Begin PBXFileReference section */
		76FF63FB273BE229003D9ED1 /* App_Multivista_02_Controllers.app */ = {isa = PBXFileReference; explicitFileType = wrapper.application; includeInIndex = 0; path = App_Multivista_02_Controllers.app; sourceTree = BUILT_PRODUCTS_DIR; };
		76FF63FE273BE229003D9ED1 /* AppDelegate.swift */ = {isa = PBXFileReference; lastKnownFileType = sourcecode.swift; path = AppDelegate.swift; sourceTree = "<group>"; };
		76FF6400273BE22A003D9ED1 /* SceneDelegate.swift */ = {isa = PBXFileReference; lastKnownFileType = sourcecode.swift; path = SceneDelegate.swift; sourceTree = "<group>"; };
		76FF6402273BE22A003D9ED1 /* ViewController.swift */ = {isa = PBXFileReference; lastKnownFileType = sourcecode.swift; path = ViewController.swift; sourceTree = "<group>"; };
		76FF6405273BE22A003D9ED1 /* Base */ = {isa = PBXFileReference; lastKnownFileType = file.storyboard; name = Base; path = Base.lproj/Main.storyboard; sourceTree = "<group>"; };
		76FF6407273BE22B003D9ED1 /* Assets.xcassets */ = {isa = PBXFileReference; lastKnownFileType = folder.assetcatalog; path = Assets.xcassets; sourceTree = "<group>"; };
		76FF640A273BE22B003D9ED1 /* Base */ = {isa = PBXFileReference; lastKnownFileType = file.storyboard; name = Base; path = Base.lproj/LaunchScreen.storyboard; sourceTree = "<group>"; };
		76FF640C273BE22B003D9ED1 /* Info.plist */ = {isa = PBXFileReference; lastKnownFileType = text.plist.xml; path = Info.plist; sourceTree = "<group>"; };
		76FF6412273BE45C003D9ED1 /* ViewController2.swift */ = {isa = PBXFileReference; lastKnownFileType = sourcecode.swift; path = ViewController2.swift; sourceTree = "<group>"; };
		76FF6414273BE466003D9ED1 /* ViewController3.swift */ = {isa = PBXFileReference; lastKnownFileType = sourcecode.swift; path = ViewController3.swift; sourceTree = "<group>"; };
		76FF6418273BF54F003D9ED1 /* ViewControllerInsertData.swift */ = {isa = PBXFileReference; lastKnownFileType = sourcecode.swift; path = ViewControllerInsertData.swift; sourceTree = "<group>"; };
		76FF641A273BF7A4003D9ED1 /* ViewControllerCalculos.swift */ = {isa = PBXFileReference; lastKnownFileType = sourcecode.swift; path = ViewControllerCalculos.swift; sourceTree = "<group>"; };
/* End PBXFileReference section */

/* Begin PBXFrameworksBuildPhase section */
		76FF63F8273BE229003D9ED1 /* Frameworks */ = {
			isa = PBXFrameworksBuildPhase;
			buildActionMask = 2147483647;
			files = (
			);
			runOnlyForDeploymentPostprocessing = 0;
		};
/* End PBXFrameworksBuildPhase section */

/* Begin PBXGroup section */
		76FF63F2273BE229003D9ED1 = {
			isa = PBXGroup;
			children = (
				76FF63FD273BE229003D9ED1 /* App_Multivista_02_Controllers */,
				76FF63FC273BE229003D9ED1 /* Products */,
			);
			sourceTree = "<group>";
		};
		76FF63FC273BE229003D9ED1 /* Products */ = {
			isa = PBXGroup;
			children = (
				76FF63FB273BE229003D9ED1 /* App_Multivista_02_Controllers.app */,
			);
			name = Products;
			sourceTree = "<group>";
		};
		76FF63FD273BE229003D9ED1 /* App_Multivista_02_Controllers */ = {
			isa = PBXGroup;
			children = (
				76FF63FE273BE229003D9ED1 /* AppDelegate.swift */,
				76FF6400273BE22A003D9ED1 /* SceneDelegate.swift */,
				76FF6402273BE22A003D9ED1 /* ViewController.swift */,
				76FF6404273BE22A003D9ED1 /* Main.storyboard */,
				76FF6407273BE22B003D9ED1 /* Assets.xcassets */,
				76FF6409273BE22B003D9ED1 /* LaunchScreen.storyboard */,
				76FF640C273BE22B003D9ED1 /* Info.plist */,
				76FF6412273BE45C003D9ED1 /* ViewController2.swift */,
				76FF6414273BE466003D9ED1 /* ViewController3.swift */,
				76FF6418273BF54F003D9ED1 /* ViewControllerInsertData.swift */,
				76FF641A273BF7A4003D9ED1 /* ViewControllerCalculos.swift */,
			);
			path = App_Multivista_02_Controllers;
			sourceTree = "<group>";
		};
/* End PBXGroup section */

/* Begin PBXNativeTarget section */
		76FF63FA273BE229003D9ED1 /* App_Multivista_02_Controllers */ = {
			isa = PBXNativeTarget;
			buildConfigurationList = 76FF640F273BE22B003D9ED1 /* Build configuration list for PBXNativeTarget "App_Multivista_02_Controllers" */;
			buildPhases = (
				76FF63F7273BE229003D9ED1 /* Sources */,
				76FF63F8273BE229003D9ED1 /* Frameworks */,
				76FF63F9273BE229003D9ED1 /* Resources */,
			);
			buildRules = (
			);
			dependencies = (
			);
			name = App_Multivista_02_Controllers;
			productName = App_Multivista_02_Controllers;
			productReference = 76FF63FB273BE229003D9ED1 /* App_Multivista_02_Controllers.app */;
			productType = "com.apple.product-type.application";
		};
/* End PBXNativeTarget section */

/* Begin PBXProject section */
		76FF63F3273BE229003D9ED1 /* Project object */ = {
			isa = PBXProject;
			attributes = {
				LastSwiftUpdateCheck = 1250;
				LastUpgradeCheck = 1250;
				TargetAttributes = {
					76FF63FA273BE229003D9ED1 = {
						CreatedOnToolsVersion = 12.5.1;
					};
				};
			};
			buildConfigurationList = 76FF63F6273BE229003D9ED1 /* Build configuration list for PBXProject "App_Multivista_02_Controllers" */;
			compatibilityVersion = "Xcode 9.3";
			developmentRegion = en;
			hasScannedForEncodings = 0;
			knownRegions = (
				en,
				Base,
			);
			mainGroup = 76FF63F2273BE229003D9ED1;
			productRefGroup = 76FF63FC273BE229003D9ED1 /* Products */;
			projectDirPath = "";
			projectRoot = "";
			targets = (
				76FF63FA273BE229003D9ED1 /* App_Multivista_02_Controllers */,
			);
		};
/* End PBXProject section */

/* Begin PBXResourcesBuildPhase section */
		76FF63F9273BE229003D9ED1 /* Resources */ = {
			isa = PBXResourcesBuildPhase;
			buildActionMask = 2147483647;
			files = (
				76FF640B273BE22B003D9ED1 /* LaunchScreen.storyboard in Resources */,
				76FF6408273BE22B003D9ED1 /* Assets.xcassets in Resources */,
				76FF6406273BE22A003D9ED1 /* Main.storyboard in Resources */,
			);
			runOnlyForDeploymentPostprocessing = 0;
		};
/* End PBXResourcesBuildPhase section */

/* Begin PBXSourcesBuildPhase section */
		76FF63F7273BE229003D9ED1 /* Sources */ = {
			isa = PBXSourcesBuildPhase;
			buildActionMask = 2147483647;
			files = (
				76FF6415273BE466003D9ED1 /* ViewController3.swift in Sources */,
				76FF6403273BE22A003D9ED1 /* ViewController.swift in Sources */,
				76FF6413273BE45C003D9ED1 /* ViewController2.swift in Sources */,
				76FF641B273BF7A4003D9ED1 /* ViewControllerCalculos.swift in Sources */,
				76FF63FF273BE229003D9ED1 /* AppDelegate.swift in Sources */,
				76FF6401273BE22A003D9ED1 /* SceneDelegate.swift in Sources */,
				76FF6419273BF54F003D9ED1 /* ViewControllerInsertData.swift in Sources */,
			);
			runOnlyForDeploymentPostprocessing = 0;
		};
/* End PBXSourcesBuildPhase section */

/* Begin PBXVariantGroup section */
		76FF6404273BE22A003D9ED1 /* Main.storyboard */ = {
			isa = PBXVariantGroup;
			children = (
				76FF6405273BE22A003D9ED1 /* Base */,
			);
			name = Main.storyboard;
			sourceTree = "<group>";
		};
		76FF6409273BE22B003D9ED1 /* LaunchScreen.storyboard */ = {
			isa = PBXVariantGroup;
			children = (
				76FF640A273BE22B003D9ED1 /* Base */,
			);
			name = LaunchScreen.storyboard;
			sourceTree = "<group>";
		};
/* End PBXVariantGroup section */

/* Begin XCBuildConfiguration section */
		76FF640D273BE22B003D9ED1 /* Debug */ = {
			isa = XCBuildConfiguration;
			buildSettings = {
				ALWAYS_SEARCH_USER_PATHS = NO;
				CLANG_ANALYZER_NONNULL = YES;
				CLANG_ANALYZER_NUMBER_OBJECT_CONVERSION = YES_AGGRESSIVE;
				CLANG_CXX_LANGUAGE_STANDARD = "gnu++14";
				CLANG_CXX_LIBRARY = "libc++";
				CLANG_ENABLE_MODULES = YES;
				CLANG_ENABLE_OBJC_ARC = YES;
				CLANG_ENABLE_OBJC_WEAK = YES;
				CLANG_WARN_BLOCK_CAPTURE_AUTORELEASING = YES;
				CLANG_WARN_BOOL_CONVERSION = YES;
				CLANG_WARN_COMMA = YES;
				CLANG_WARN_CONSTANT_CONVERSION = YES;
				CLANG_WARN_DEPRECATED_OBJC_IMPLEMENTATIONS = YES;
				CLANG_WARN_DIRECT_OBJC_ISA_USAGE = YES_ERROR;
				CLANG_WARN_DOCUMENTATION_COMMENTS = YES;
				CLANG_WARN_EMPTY_BODY = YES;
				CLANG_WARN_ENUM_CONVERSION = YES;
				CLANG_WARN_INFINITE_RECURSION = YES;
				CLANG_WARN_INT_CONVERSION = YES;
				CLANG_WARN_NON_LITERAL_NULL_CONVERSION = YES;
				CLANG_WARN_OBJC_IMPLICIT_RETAIN_SELF = YES;
				CLANG_WARN_OBJC_LITERAL_CONVERSION = YES;
				CLANG_WARN_OBJC_ROOT_CLASS = YES_ERROR;
				CLANG_WARN_QUOTED_INCLUDE_IN_FRAMEWORK_HEADER = YES;
				CLANG_WARN_RANGE_LOOP_ANALYSIS = YES;
				CLANG_WARN_STRICT_PROTOTYPES = YES;
				CLANG_WARN_SUSPICIOUS_MOVE = YES;
				CLANG_WARN_UNGUARDED_AVAILABILITY = YES_AGGRESSIVE;
				CLANG_WARN_UNREACHABLE_CODE = YES;
				CLANG_WARN__DUPLICATE_METHOD_MATCH = YES;
				COPY_PHASE_STRIP = NO;
				DEBUG_INFORMATION_FORMAT = dwarf;
				ENABLE_STRICT_OBJC_MSGSEND = YES;
				ENABLE_TESTABILITY = YES;
				GCC_C_LANGUAGE_STANDARD = gnu11;
				GCC_DYNAMIC_NO_PIC = NO;
				GCC_NO_COMMON_BLOCKS = YES;
				GCC_OPTIMIZATION_LEVEL = 0;
				GCC_PREPROCESSOR_DEFINITIONS = (
					"DEBUG=1",
					"$(inherited)",
				);
				GCC_WARN_64_TO_32_BIT_CONVERSION = YES;
				GCC_WARN_ABOUT_RETURN_TYPE = YES_ERROR;
				GCC_WARN_UNDECLARED_SELECTOR = YES;
				GCC_WARN_UNINITIALIZED_AUTOS = YES_AGGRESSIVE;
				GCC_WARN_UNUSED_FUNCTION = YES;
				GCC_WARN_UNUSED_VARIABLE = YES;
				IPHONEOS_DEPLOYMENT_TARGET = 14.5;
				MTL_ENABLE_DEBUG_INFO = INCLUDE_SOURCE;
				MTL_FAST_MATH = YES;
				ONLY_ACTIVE_ARCH = YES;
				SDKROOT = iphoneos;
				SWIFT_ACTIVE_COMPILATION_CONDITIONS = DEBUG;
				SWIFT_OPTIMIZATION_LEVEL = "-Onone";
			};
			name = Debug;
		};
		76FF640E273BE22B003D9ED1 /* Release */ = {
			isa = XCBuildConfiguration;
			buildSettings = {
				ALWAYS_SEARCH_USER_PATHS = NO;
				CLANG_ANALYZER_NONNULL = YES;
				CLANG_ANALYZER_NUMBER_OBJECT_CONVERSION = YES_AGGRESSIVE;
				CLANG_CXX_LANGUAGE_STANDARD = "gnu++14";
				CLANG_CXX_LIBRARY = "libc++";
				CLANG_ENABLE_MODULES = YES;
				CLANG_ENABLE_OBJC_ARC = YES;
				CLANG_ENABLE_OBJC_WEAK = YES;
				CLANG_WARN_BLOCK_CAPTURE_AUTORELEASING = YES;
				CLANG_WARN_BOOL_CONVERSION = YES;
				CLANG_WARN_COMMA = YES;
				CLANG_WARN_CONSTANT_CONVERSION = YES;
				CLANG_WARN_DEPRECATED_OBJC_IMPLEMENTATIONS = YES;
				CLANG_WARN_DIRECT_OBJC_ISA_USAGE = YES_ERROR;
				CLANG_WARN_DOCUMENTATION_COMMENTS = YES;
				CLANG_WARN_EMPTY_BODY = YES;
				CLANG_WARN_ENUM_CONVERSION = YES;
				CLANG_WARN_INFINITE_RECURSION = YES;
				CLANG_WARN_INT_CONVERSION = YES;
				CLANG_WARN_NON_LITERAL_NULL_CONVERSION = YES;
				CLANG_WARN_OBJC_IMPLICIT_RETAIN_SELF = YES;
				CLANG_WARN_OBJC_LITERAL_CONVERSION = YES;
				CLANG_WARN_OBJC_ROOT_CLASS = YES_ERROR;
				CLANG_WARN_QUOTED_INCLUDE_IN_FRAMEWORK_HEADER = YES;
				CLANG_WARN_RANGE_LOOP_ANALYSIS = YES;
				CLANG_WARN_STRICT_PROTOTYPES = YES;
				CLANG_WARN_SUSPICIOUS_MOVE = YES;
				CLANG_WARN_UNGUARDED_AVAILABILITY = YES_AGGRESSIVE;
				CLANG_WARN_UNREACHABLE_CODE = YES;
				CLANG_WARN__DUPLICATE_METHOD_MATCH = YES;
				COPY_PHASE_STRIP = NO;
				DEBUG_INFORMATION_FORMAT = "dwarf-with-dsym";
				ENABLE_NS_ASSERTIONS = NO;
				ENABLE_STRICT_OBJC_MSGSEND = YES;
				GCC_C_LANGUAGE_STANDARD = gnu11;
				GCC_NO_COMMON_BLOCKS = YES;
				GCC_WARN_64_TO_32_BIT_CONVERSION = YES;
				GCC_WARN_ABOUT_RETURN_TYPE = YES_ERROR;
				GCC_WARN_UNDECLARED_SELECTOR = YES;
				GCC_WARN_UNINITIALIZED_AUTOS = YES_AGGRESSIVE;
				GCC_WARN_UNUSED_FUNCTION = YES;
				GCC_WARN_UNUSED_VARIABLE = YES;
				IPHONEOS_DEPLOYMENT_TARGET = 14.5;
				MTL_ENABLE_DEBUG_INFO = NO;
				MTL_FAST_MATH = YES;
				SDKROOT = iphoneos;
				SWIFT_COMPILATION_MODE = wholemodule;
				SWIFT_OPTIMIZATION_LEVEL = "-O";
				VALIDATE_PRODUCT = YES;
			};
			name = Release;
		};
		76FF6410273BE22B003D9ED1 /* Debug */ = {
			isa = XCBuildConfiguration;
			buildSettings = {
				ASSETCATALOG_COMPILER_APPICON_NAME = AppIcon;
				ASSETCATALOG_COMPILER_GLOBAL_ACCENT_COLOR_NAME = AccentColor;
				CODE_SIGN_STYLE = Automatic;
				INFOPLIST_FILE = App_Multivista_02_Controllers/Info.plist;
				LD_RUNPATH_SEARCH_PATHS = (
					"$(inherited)",
					"@executable_path/Frameworks",
				);
				PRODUCT_BUNDLE_IDENTIFIER = "com.xavi.App-Multivista-02-Controllers";
				PRODUCT_NAME = "$(TARGET_NAME)";
				SWIFT_VERSION = 5.0;
				TARGETED_DEVICE_FAMILY = "1,2";
			};
			name = Debug;
		};
		76FF6411273BE22B003D9ED1 /* Release */ = {
			isa = XCBuildConfiguration;
			buildSettings = {
				ASSETCATALOG_COMPILER_APPICON_NAME = AppIcon;
				ASSETCATALOG_COMPILER_GLOBAL_ACCENT_COLOR_NAME = AccentColor;
				CODE_SIGN_STYLE = Automatic;
				INFOPLIST_FILE = App_Multivista_02_Controllers/Info.plist;
				LD_RUNPATH_SEARCH_PATHS = (
					"$(inherited)",
					"@executable_path/Frameworks",
				);
				PRODUCT_BUNDLE_IDENTIFIER = "com.xavi.App-Multivista-02-Controllers";
				PRODUCT_NAME = "$(TARGET_NAME)";
				SWIFT_VERSION = 5.0;
				TARGETED_DEVICE_FAMILY = "1,2";
			};
			name = Release;
		};
/* End XCBuildConfiguration section */

/* Begin XCConfigurationList section */
		76FF63F6273BE229003D9ED1 /* Build configuration list for PBXProject "App_Multivista_02_Controllers" */ = {
			isa = XCConfigurationList;
			buildConfigurations = (
				76FF640D273BE22B003D9ED1 /* Debug */,
				76FF640E273BE22B003D9ED1 /* Release */,
			);
			defaultConfigurationIsVisible = 0;
			defaultConfigurationName = Release;
		};
		76FF640F273BE22B003D9ED1 /* Build configuration list for PBXNativeTarget "App_Multivista_02_Controllers" */ = {
			isa = XCConfigurationList;
			buildConfigurations = (
				76FF6410273BE22B003D9ED1 /* Debug */,
				76FF6411273BE22B003D9ED1 /* Release */,
			);
			defaultConfigurationIsVisible = 0;
			defaultConfigurationName = Release;
		};
/* End XCConfigurationList section */
	};
	rootObject = 76FF63F3273BE229003D9ED1 /* Project object */;
}
